
Microsoft Visual Studio Solution File, Format Version 12.00
# Visual Studio Version 16
VisualStudioVersion = 16.0.28917.182
MinimumVisualStudioVersion = 10.0.40219.1
Project("{9A19103F-16F7-4668-BE54-9A1E7A4F7556}") = "iStringExtensions", "iStringExtensions\iStringExtensions.csproj", "{7CAEFBE2-CA3E-4B9B-A4C3-5B49041F9049}"
EndProject
Project("{9A19103F-16F7-4668-BE54-9A1E7A4F7556}") = "UnitTests", "UnitTests\UnitTests.csproj", "{EFBA563A-C19E-4648-A6B2-AD4D29A954DA}"
EndProject
Global
	GlobalSection(SolutionConfigurationPlatforms) = preSolution
		Debug|Any CPU = Debug|Any CPU
		Release|Any CPU = Release|Any CPU
	EndGlobalSection
	GlobalSection(ProjectConfigurationPlatforms) = postSolution
		{7CAEFBE2-CA3E-4B9B-A4C3-5B49041F9049}.Debug|Any CPU.ActiveCfg = Debug|Any CPU
		{7CAEFBE2-CA3E-4B9B-A4C3-5B49041F9049}.Debug|Any CPU.Build.0 = Debug|Any CPU
		{7CAEFBE2-CA3E-4B9B-A4C3-5B49041F9049}.Release|Any CPU.ActiveCfg = Release|Any CPU
		{7CAEFBE2-CA3E-4B9B-A4C3-5B49041F9049}.Release|Any CPU.Build.0 = Release|Any CPU
		{EFBA563A-C19E-4648-A6B2-AD4D29A954DA}.Debug|Any CPU.ActiveCfg = Debug|Any CPU
		{EFBA563A-C19E-4648-A6B2-AD4D29A954DA}.Debug|Any CPU.Build.0 = Debug|Any CPU
		{EFBA563A-C19E-4648-A6B2-AD4D29A954DA}.Release|Any CPU.ActiveCfg = Release|Any CPU
		{EFBA563A-C19E-4648-A6B2-AD4D29A954DA}.Release|Any CPU.Build.0 = Release|Any CPU
	EndGlobalSection
	GlobalSection(SolutionProperties) = preSolution
		HideSolutionNode = FALSE
	EndGlobalSection
	GlobalSection(ExtensibilityGlobals) = postSolution
		SolutionGuid = {D8157C8B-CAEB-494D-90D4-7DF1E5149E8B}
	EndGlobalSection
EndGlobal
